
Microsoft Visual Studio Solution File, Format Version 12.00
# Visual Studio Version 17
VisualStudioVersion = 17.5.33516.290
MinimumVisualStudioVersion = 10.0.40219.1
Project("{FAE04EC0-301F-11D3-BF4B-00C04F79EFBC}") = "AfetzedeYonetim4.7", "AfetzedeYonetim4.7\AfetzedeYonetim4.7.csproj", "{4DA7A112-42C3-461E-8942-D6BF81B41FCD}"
EndProject
Global
	GlobalSection(SolutionConfigurationPlatforms) = preSolution
		Debug|Any CPU = Debug|Any CPU
		Release|Any CPU = Release|Any CPU
	EndGlobalSection
	GlobalSection(ProjectConfigurationPlatforms) = postSolution
		{4DA7A112-42C3-461E-8942-D6BF81B41FCD}.Debug|Any CPU.ActiveCfg = Debug|Any CPU
		{4DA7A112-42C3-461E-8942-D6BF81B41FCD}.Debug|Any CPU.Build.0 = Debug|Any CPU
		{4DA7A112-42C3-461E-8942-D6BF81B41FCD}.Release|Any CPU.ActiveCfg = Release|Any CPU
		{4DA7A112-42C3-461E-8942-D6BF81B41FCD}.Release|Any CPU.Build.0 = Release|Any CPU
	EndGlobalSection
	GlobalSection(SolutionProperties) = preSolution
		HideSolutionNode = FALSE
	EndGlobalSection
	GlobalSection(ExtensibilityGlobals) = postSolution
		SolutionGuid = {5F1CDBD8-B363-4D10-8EAF-4EE95FD3CF36}
	EndGlobalSection
EndGlobal
